
Microsoft Visual Studio Solution File, Format Version 12.00
Project("{2150E333-8FDC-42A3-9474-1A3956D46DE8}") = "Solution Items", "Solution Items", "{47330645-4F94-4CFA-81E9-48B97906B59D}"
	ProjectSection(SolutionItems) = preProject
		docker-compose.yml = docker-compose.yml
		Dockerfile = Dockerfile
		.dockerignore = .dockerignore
	EndProjectSection
EndProject
Project("{2150E333-8FDC-42A3-9474-1A3956D46DE8}") = "src", "src", "{042F623F-5DC1-4CB5-942F-69BC5F0A4CBC}"
EndProject
Project("{2150E333-8FDC-42A3-9474-1A3956D46DE8}") = "Presentation", "Presentation", "{E080346B-992D-4E48-B7AE-341EDAA8121E}"
EndProject
Project("{2150E333-8FDC-42A3-9474-1A3956D46DE8}") = "Core", "Core", "{57CCA4AB-6656-4F5E-9119-26A8F423347E}"
EndProject
Project("{FAE04EC0-301F-11D3-BF4B-00C04F79EFBC}") = "TFA.Forum.Domain", "src\TFA.Forum.Domain\TFA.Forum.Domain.csproj", "{07035EB1-2664-45B8-BF0F-7A328F3B03E0}"
EndProject
Project("{2150E333-8FDC-42A3-9474-1A3956D46DE8}") = "Infrastructure", "Infrastructure", "{9DA3B582-D2AE-4DFB-B681-A5CB80AC8487}"
EndProject
Project("{FAE04EC0-301F-11D3-BF4B-00C04F79EFBC}") = "TFA.Forum.Persistence", "src\TFA.Forum.Persistence\TFA.Forum.Persistence.csproj", "{9702D850-B0ED-44C7-869B-80170D1BA451}"
EndProject
Project("{FAE04EC0-301F-11D3-BF4B-00C04F79EFBC}") = "TFA.Forum.API", "src\TFA.Forum.API\TFA.Forum.API.csproj", "{4A44B1EC-BF96-4834-9C14-67DEE1662486}"
EndProject
Project("{FAE04EC0-301F-11D3-BF4B-00C04F79EFBC}") = "TFA.Forum.Application", "src\TFA.Forum.Application\TFA.Forum.Application.csproj", "{64A927F7-3E50-40E9-B7C3-070CAE18BBA9}"
EndProject
Project("{2150E333-8FDC-42A3-9474-1A3956D46DE8}") = "tests", "tests", "{D9DA22B7-6DEE-49FC-A29B-7B3B98753C38}"
EndProject
Project("{2150E333-8FDC-42A3-9474-1A3956D46DE8}") = "UnitTests", "UnitTests", "{03A93D6A-C25E-4B14-AEB0-E7D1CBE18025}"
EndProject
Project("{2150E333-8FDC-42A3-9474-1A3956D46DE8}") = "E2ETests", "E2ETests", "{FA3B5FFA-E29A-4C36-AFBD-1AA3D3E9F116}"
EndProject
Project("{FAE04EC0-301F-11D3-BF4B-00C04F79EFBC}") = "TFA.Forum.E2E", "tests\E2ETests\TFA.Forum.E2E\TFA.Forum.E2E.csproj", "{C650F472-B1BA-4877-93C7-2142B7832CCE}"
EndProject
Project("{FAE04EC0-301F-11D3-BF4B-00C04F79EFBC}") = "TFA.Forum.Domain.UnitTests", "tests\UnitTests\TFA.Forum.Domain.UnitTests\TFA.Forum.Domain.UnitTests.csproj", "{DA8F5A18-1D47-46D4-816F-ED6B39C27A3F}"
EndProject
Global
	GlobalSection(SolutionConfigurationPlatforms) = preSolution
		Debug|Any CPU = Debug|Any CPU
		Release|Any CPU = Release|Any CPU
	EndGlobalSection
	GlobalSection(NestedProjects) = preSolution
		{E080346B-992D-4E48-B7AE-341EDAA8121E} = {042F623F-5DC1-4CB5-942F-69BC5F0A4CBC}
		{57CCA4AB-6656-4F5E-9119-26A8F423347E} = {042F623F-5DC1-4CB5-942F-69BC5F0A4CBC}
		{07035EB1-2664-45B8-BF0F-7A328F3B03E0} = {57CCA4AB-6656-4F5E-9119-26A8F423347E}
		{9DA3B582-D2AE-4DFB-B681-A5CB80AC8487} = {042F623F-5DC1-4CB5-942F-69BC5F0A4CBC}
		{9702D850-B0ED-44C7-869B-80170D1BA451} = {9DA3B582-D2AE-4DFB-B681-A5CB80AC8487}
		{4A44B1EC-BF96-4834-9C14-67DEE1662486} = {E080346B-992D-4E48-B7AE-341EDAA8121E}
		{64A927F7-3E50-40E9-B7C3-070CAE18BBA9} = {57CCA4AB-6656-4F5E-9119-26A8F423347E}
		{03A93D6A-C25E-4B14-AEB0-E7D1CBE18025} = {D9DA22B7-6DEE-49FC-A29B-7B3B98753C38}
		{DA8F5A18-1D47-46D4-816F-ED6B39C27A3F} = {03A93D6A-C25E-4B14-AEB0-E7D1CBE18025}
		{FA3B5FFA-E29A-4C36-AFBD-1AA3D3E9F116} = {D9DA22B7-6DEE-49FC-A29B-7B3B98753C38}
		{C650F472-B1BA-4877-93C7-2142B7832CCE} = {FA3B5FFA-E29A-4C36-AFBD-1AA3D3E9F116}
	EndGlobalSection
	GlobalSection(ProjectConfigurationPlatforms) = postSolution
		{07035EB1-2664-45B8-BF0F-7A328F3B03E0}.Debug|Any CPU.ActiveCfg = Debug|Any CPU
		{07035EB1-2664-45B8-BF0F-7A328F3B03E0}.Debug|Any CPU.Build.0 = Debug|Any CPU
		{07035EB1-2664-45B8-BF0F-7A328F3B03E0}.Release|Any CPU.ActiveCfg = Release|Any CPU
		{07035EB1-2664-45B8-BF0F-7A328F3B03E0}.Release|Any CPU.Build.0 = Release|Any CPU
		{9702D850-B0ED-44C7-869B-80170D1BA451}.Debug|Any CPU.ActiveCfg = Debug|Any CPU
		{9702D850-B0ED-44C7-869B-80170D1BA451}.Debug|Any CPU.Build.0 = Debug|Any CPU
		{9702D850-B0ED-44C7-869B-80170D1BA451}.Release|Any CPU.ActiveCfg = Release|Any CPU
		{9702D850-B0ED-44C7-869B-80170D1BA451}.Release|Any CPU.Build.0 = Release|Any CPU
		{4A44B1EC-BF96-4834-9C14-67DEE1662486}.Debug|Any CPU.ActiveCfg = Debug|Any CPU
		{4A44B1EC-BF96-4834-9C14-67DEE1662486}.Debug|Any CPU.Build.0 = Debug|Any CPU
		{4A44B1EC-BF96-4834-9C14-67DEE1662486}.Release|Any CPU.ActiveCfg = Release|Any CPU
		{4A44B1EC-BF96-4834-9C14-67DEE1662486}.Release|Any CPU.Build.0 = Release|Any CPU
		{64A927F7-3E50-40E9-B7C3-070CAE18BBA9}.Debug|Any CPU.ActiveCfg = Debug|Any CPU
		{64A927F7-3E50-40E9-B7C3-070CAE18BBA9}.Debug|Any CPU.Build.0 = Debug|Any CPU
		{64A927F7-3E50-40E9-B7C3-070CAE18BBA9}.Release|Any CPU.ActiveCfg = Release|Any CPU
		{64A927F7-3E50-40E9-B7C3-070CAE18BBA9}.Release|Any CPU.Build.0 = Release|Any CPU
		{DA8F5A18-1D47-46D4-816F-ED6B39C27A3F}.Debug|Any CPU.ActiveCfg = Debug|Any CPU
		{DA8F5A18-1D47-46D4-816F-ED6B39C27A3F}.Debug|Any CPU.Build.0 = Debug|Any CPU
		{DA8F5A18-1D47-46D4-816F-ED6B39C27A3F}.Release|Any CPU.ActiveCfg = Release|Any CPU
		{DA8F5A18-1D47-46D4-816F-ED6B39C27A3F}.Release|Any CPU.Build.0 = Release|Any CPU
		{C650F472-B1BA-4877-93C7-2142B7832CCE}.Debug|Any CPU.ActiveCfg = Debug|Any CPU
		{C650F472-B1BA-4877-93C7-2142B7832CCE}.Debug|Any CPU.Build.0 = Debug|Any CPU
		{C650F472-B1BA-4877-93C7-2142B7832CCE}.Release|Any CPU.ActiveCfg = Release|Any CPU
		{C650F472-B1BA-4877-93C7-2142B7832CCE}.Release|Any CPU.Build.0 = Release|Any CPU
	EndGlobalSection
EndGlobal
